
Microsoft Visual Studio Solution File, Format Version 12.00
# Visual Studio Version 17
VisualStudioVersion = 17.6.33712.159
MinimumVisualStudioVersion = 10.0.40219.1
Project("{FAE04EC0-301F-11D3-BF4B-00C04F79EFBC}") = "WebApplication2", "WebApplication2.csproj", "{D13DCC04-8AC8-4B17-9AA0-08B7B65DCC47}"
EndProject
Global
	GlobalSection(SolutionConfigurationPlatforms) = preSolution
		Debug|Any CPU = Debug|Any CPU
		Release|Any CPU = Release|Any CPU
	EndGlobalSection
	GlobalSection(ProjectConfigurationPlatforms) = postSolution
		{D13DCC04-8AC8-4B17-9AA0-08B7B65DCC47}.Debug|Any CPU.ActiveCfg = Debug|Any CPU
		{D13DCC04-8AC8-4B17-9AA0-08B7B65DCC47}.Debug|Any CPU.Build.0 = Debug|Any CPU
		{D13DCC04-8AC8-4B17-9AA0-08B7B65DCC47}.Release|Any CPU.ActiveCfg = Release|Any CPU
		{D13DCC04-8AC8-4B17-9AA0-08B7B65DCC47}.Release|Any CPU.Build.0 = Release|Any CPU
	EndGlobalSection
	GlobalSection(SolutionProperties) = preSolution
		HideSolutionNode = FALSE
	EndGlobalSection
	GlobalSection(ExtensibilityGlobals) = postSolution
		SolutionGuid = {CBA71C90-6DE7-4063-968D-DD1A3A529D3B}
	EndGlobalSection
EndGlobal
